
Microsoft Visual Studio Solution File, Format Version 12.00
# Visual Studio Version 17
VisualStudioVersion = 17.6.33815.320
MinimumVisualStudioVersion = 10.0.40219.1
Project("{9A19103F-16F7-4668-BE54-9A1E7A4F7556}") = "Websocket.Client", "Websocket.Client\Websocket.Client\Websocket.Client.csproj", "{BDCAF507-B5AF-44B7-AE48-B5684C466AF6}"
EndProject
Project("{9A19103F-16F7-4668-BE54-9A1E7A4F7556}") = "Websocket.Server", "Websocket.Server\Websocket.Server\Websocket.Server.csproj", "{FF435850-F20F-4316-BA77-B5BFB0462C5F}"
EndProject
Global
	GlobalSection(SolutionConfigurationPlatforms) = preSolution
		Debug|Any CPU = Debug|Any CPU
		Release|Any CPU = Release|Any CPU
	EndGlobalSection
	GlobalSection(ProjectConfigurationPlatforms) = postSolution
		{BDCAF507-B5AF-44B7-AE48-B5684C466AF6}.Debug|Any CPU.ActiveCfg = Debug|Any CPU
		{BDCAF507-B5AF-44B7-AE48-B5684C466AF6}.Debug|Any CPU.Build.0 = Debug|Any CPU
		{BDCAF507-B5AF-44B7-AE48-B5684C466AF6}.Release|Any CPU.ActiveCfg = Release|Any CPU
		{BDCAF507-B5AF-44B7-AE48-B5684C466AF6}.Release|Any CPU.Build.0 = Release|Any CPU
		{FF435850-F20F-4316-BA77-B5BFB0462C5F}.Debug|Any CPU.ActiveCfg = Debug|Any CPU
		{FF435850-F20F-4316-BA77-B5BFB0462C5F}.Debug|Any CPU.Build.0 = Debug|Any CPU
		{FF435850-F20F-4316-BA77-B5BFB0462C5F}.Release|Any CPU.ActiveCfg = Release|Any CPU
		{FF435850-F20F-4316-BA77-B5BFB0462C5F}.Release|Any CPU.Build.0 = Release|Any CPU
	EndGlobalSection
	GlobalSection(SolutionProperties) = preSolution
		HideSolutionNode = FALSE
	EndGlobalSection
	GlobalSection(ExtensibilityGlobals) = postSolution
		SolutionGuid = {E7704001-3D47-4BBD-BAB6-2357F242889A}
	EndGlobalSection
EndGlobal
